{
    "_meta": {
        "hash": {
            "sha256": "a1b2c3d4e5f6a1b2c3d4e5f6a1b2c3d4e5f6a1b2c3d4e5f6a1b2c3d4e5f6a1b2"
        },
        "pipfile-spec": 6,
        "requires": {
            "python_version": "3.11"
        },
        "sources": [
            {
                "name": "pypi",
                "url": "https://pypi.org/simple",
                "verify_ssl": true
            }
        ]
    },
    "default": {
        "flask": {
            "hashes": [
                "sha256:fake-hash-flask-302"
            ],
            "index": "pypi",
            "markers": "python_version >= '3.8'",
            "version": "==3.0.2"
        },
        "werkzeug": {
            "hashes": [
                "sha256:fake-hash-werkzeug-321"
            ],
            "markers": "python_version >= '3.8'",
            "version": "==3.0.1"
        },
        "jinja2": {
            "hashes": [
                "sha256:fake-hash-jinja2-317"
            ],
            "markers": "python_version >= '3.7'",
            "version": "==3.1.3"
        },
        "click": {
            "hashes": [
                "sha256:fake-hash-click-815"
            ],
            "markers": "python_version >= '3.7'",
            "version": "==8.1.7"
        },
        "markupsafe": {
            "hashes": [
                "sha256:fake-hash-markupsafe-261"
            ],
            "markers": "python_version >= '3.7'",
            "version": "==2.1.5"
        },
        "itsdangerous": {
            "hashes": [
                "sha256:fake-hash-itsdangerous-224"
            ],
            "markers": "python_version >= '3.8'",
            "version": "==2.1.2"
        },
        "blinker": {
            "hashes": [
                "sha256:fake-hash-blinker-171"
            ],
            "markers": "python_version >= '3.8'",
            "version": "==1.7.0"
        },
        "numpy": {
            "hashes": [
                "sha256:fake-hash-numpy-1264"
            ],
            "index": "pypi",
            "markers": "python_version >= '3.9'",
            "version": "==1.26.4"
        },
        "pylint-django": {
            "hashes": [
                "sha256:fake-hash-pylint-django-255"
            ],
            "index": "pypi",
            "markers": "python_version >= '3.8'",
            "version": "==2.5.5"
        }
    },
    "develop": {}
}
